
Microsoft Visual Studio Solution File, Format Version 12.00
# Visual Studio Version 16
VisualStudioVersion = 16.0.30523.141
MinimumVisualStudioVersion = 10.0.40219.1
Project("{FAE04EC0-301F-11D3-BF4B-00C04F79EFBC}") = "BookingBus", "BookingBus.csproj", "{18F8D799-6085-4B14-87F0-1E2CAB7E33B2}"
EndProject
Project("{FAE04EC0-301F-11D3-BF4B-00C04F79EFBC}") = "fixes", "..\fixes\fixes.csproj", "{670F7588-8489-4F56-9C7A-557ACAB68745}"
EndProject
Global
	GlobalSection(SolutionConfigurationPlatforms) = preSolution
		Debug|Any CPU = Debug|Any CPU
		Release|Any CPU = Release|Any CPU
	EndGlobalSection
	GlobalSection(ProjectConfigurationPlatforms) = postSolution
		{18F8D799-6085-4B14-87F0-1E2CAB7E33B2}.Debug|Any CPU.ActiveCfg = Debug|Any CPU
		{18F8D799-6085-4B14-87F0-1E2CAB7E33B2}.Debug|Any CPU.Build.0 = Debug|Any CPU
		{18F8D799-6085-4B14-87F0-1E2CAB7E33B2}.Release|Any CPU.ActiveCfg = Release|Any CPU
		{18F8D799-6085-4B14-87F0-1E2CAB7E33B2}.Release|Any CPU.Build.0 = Release|Any CPU
		{670F7588-8489-4F56-9C7A-557ACAB68745}.Debug|Any CPU.ActiveCfg = Debug|Any CPU
		{670F7588-8489-4F56-9C7A-557ACAB68745}.Debug|Any CPU.Build.0 = Debug|Any CPU
		{670F7588-8489-4F56-9C7A-557ACAB68745}.Release|Any CPU.ActiveCfg = Release|Any CPU
		{670F7588-8489-4F56-9C7A-557ACAB68745}.Release|Any CPU.Build.0 = Release|Any CPU
	EndGlobalSection
	GlobalSection(SolutionProperties) = preSolution
		HideSolutionNode = FALSE
	EndGlobalSection
	GlobalSection(ExtensibilityGlobals) = postSolution
		SolutionGuid = {44A39E14-62BB-424E-AE1F-4893C95E809B}
	EndGlobalSection
EndGlobal
